
Microsoft Visual Studio Solution File, Format Version 12.00
# Visual Studio Version 17
VisualStudioVersion = 17.8.34322.80
MinimumVisualStudioVersion = 10.0.40219.1
Project("{FAE04EC0-301F-11D3-BF4B-00C04F79EFBC}") = "ConsoleMenuUsuarioLibrary", "ConsoleMenuUsuario\ConsoleMenuUsuarioLibrary.csproj", "{5302A85B-D336-4F2F-989F-D38088D85CC9}"
EndProject
Project("{FAE04EC0-301F-11D3-BF4B-00C04F79EFBC}") = "AdaTech.ListaLP.InterfaceUsuario", "AdaTech.ListaLP.InterfaceUsuario\AdaTech.ListaLP.InterfaceUsuario.csproj", "{68BC9C2F-14E5-41F9-94C5-999898CB52FE}"
EndProject
Project("{FAE04EC0-301F-11D3-BF4B-00C04F79EFBC}") = "AdaTech.ListaLP.ExerciciosLibrary", "AdaTech.ListaLP.ExerciciosLibrary\AdaTech.ListaLP.ExerciciosLibrary.csproj", "{9186813B-CE1A-453F-AFCB-0F724A224CE1}"
EndProject
Global
	GlobalSection(SolutionConfigurationPlatforms) = preSolution
		Debug|Any CPU = Debug|Any CPU
		Release|Any CPU = Release|Any CPU
	EndGlobalSection
	GlobalSection(ProjectConfigurationPlatforms) = postSolution
		{5302A85B-D336-4F2F-989F-D38088D85CC9}.Debug|Any CPU.ActiveCfg = Debug|Any CPU
		{5302A85B-D336-4F2F-989F-D38088D85CC9}.Debug|Any CPU.Build.0 = Debug|Any CPU
		{5302A85B-D336-4F2F-989F-D38088D85CC9}.Release|Any CPU.ActiveCfg = Release|Any CPU
		{5302A85B-D336-4F2F-989F-D38088D85CC9}.Release|Any CPU.Build.0 = Release|Any CPU
		{68BC9C2F-14E5-41F9-94C5-999898CB52FE}.Debug|Any CPU.ActiveCfg = Debug|Any CPU
		{68BC9C2F-14E5-41F9-94C5-999898CB52FE}.Debug|Any CPU.Build.0 = Debug|Any CPU
		{68BC9C2F-14E5-41F9-94C5-999898CB52FE}.Release|Any CPU.ActiveCfg = Release|Any CPU
		{68BC9C2F-14E5-41F9-94C5-999898CB52FE}.Release|Any CPU.Build.0 = Release|Any CPU
		{9186813B-CE1A-453F-AFCB-0F724A224CE1}.Debug|Any CPU.ActiveCfg = Debug|Any CPU
		{9186813B-CE1A-453F-AFCB-0F724A224CE1}.Debug|Any CPU.Build.0 = Debug|Any CPU
		{9186813B-CE1A-453F-AFCB-0F724A224CE1}.Release|Any CPU.ActiveCfg = Release|Any CPU
		{9186813B-CE1A-453F-AFCB-0F724A224CE1}.Release|Any CPU.Build.0 = Release|Any CPU
	EndGlobalSection
	GlobalSection(SolutionProperties) = preSolution
		HideSolutionNode = FALSE
	EndGlobalSection
	GlobalSection(ExtensibilityGlobals) = postSolution
		SolutionGuid = {19D7FD65-9A22-4ABC-A651-FD868696D766}
	EndGlobalSection
EndGlobal
